
Microsoft Visual Studio Solution File, Format Version 12.00
# Visual Studio Version 16
VisualStudioVersion = 16.0.31729.503
MinimumVisualStudioVersion = 10.0.40219.1
Project("{FAE04EC0-301F-11D3-BF4B-00C04F79EFBC}") = "tutortime.pk", "tutortime.pk\tutortime.pk.csproj", "{227D6952-11F6-42B5-A4DE-51DC508201DF}"
EndProject
Global
	GlobalSection(SolutionConfigurationPlatforms) = preSolution
		Debug|Any CPU = Debug|Any CPU
		Release|Any CPU = Release|Any CPU
	EndGlobalSection
	GlobalSection(ProjectConfigurationPlatforms) = postSolution
		{227D6952-11F6-42B5-A4DE-51DC508201DF}.Debug|Any CPU.ActiveCfg = Debug|Any CPU
		{227D6952-11F6-42B5-A4DE-51DC508201DF}.Debug|Any CPU.Build.0 = Debug|Any CPU
		{227D6952-11F6-42B5-A4DE-51DC508201DF}.Release|Any CPU.ActiveCfg = Release|Any CPU
		{227D6952-11F6-42B5-A4DE-51DC508201DF}.Release|Any CPU.Build.0 = Release|Any CPU
	EndGlobalSection
	GlobalSection(SolutionProperties) = preSolution
		HideSolutionNode = FALSE
	EndGlobalSection
	GlobalSection(ExtensibilityGlobals) = postSolution
		SolutionGuid = {5F290DAF-7C1F-41FD-B36E-E029AC9DF846}
	EndGlobalSection
EndGlobal
